
Microsoft Visual Studio Solution File, Format Version 11.00
# Visual Studio 2010
Project("{FAE04EC0-301F-11D3-BF4B-00C04F79EFBC}") = "Assembly-CSharp", "Assembly-CSharp.csproj", "{ADFABB51-B3DD-3989-2C63-6761A656FCAD}"
EndProject
Global
	GlobalSection(SolutionConfigurationPlatforms) = preSolution
		Debug|Any CPU = Debug|Any CPU
		Release|Any CPU = Release|Any CPU
	EndGlobalSection
	GlobalSection(ProjectConfigurationPlatforms) = postSolution
		{ADFABB51-B3DD-3989-2C63-6761A656FCAD}.Debug|Any CPU.ActiveCfg = Debug|Any CPU
		{ADFABB51-B3DD-3989-2C63-6761A656FCAD}.Debug|Any CPU.Build.0 = Debug|Any CPU
		{ADFABB51-B3DD-3989-2C63-6761A656FCAD}.Release|Any CPU.ActiveCfg = Release|Any CPU
		{ADFABB51-B3DD-3989-2C63-6761A656FCAD}.Release|Any CPU.Build.0 = Release|Any CPU
	EndGlobalSection
	GlobalSection(SolutionProperties) = preSolution
		HideSolutionNode = FALSE
	EndGlobalSection
	GlobalSection(MonoDevelopProperties) = preSolution
		StartupItem = Assembly-CSharp.csproj
	EndGlobalSection
EndGlobal
